
Microsoft Visual Studio Solution File, Format Version 12.00
# Visual Studio Version 17
VisualStudioVersion = 17.7.34031.279
MinimumVisualStudioVersion = 10.0.40219.1
Project("{FAE04EC0-301F-11D3-BF4B-00C04F79EFBC}") = "sklep2", "sklep2\sklep2.csproj", "{DA136A7E-7FB5-46EA-A076-A1DCBAF92C99}"
EndProject
Project("{2150E333-8FDC-42A3-9474-1A3956D46DE8}") = "Elementy rozwiązania", "Elementy rozwiązania", "{B13CF266-56D0-42FD-A860-4EE8C4EE973A}"
EndProject
Global
	GlobalSection(SolutionConfigurationPlatforms) = preSolution
		Debug|Any CPU = Debug|Any CPU
		Release|Any CPU = Release|Any CPU
	EndGlobalSection
	GlobalSection(ProjectConfigurationPlatforms) = postSolution
		{DA136A7E-7FB5-46EA-A076-A1DCBAF92C99}.Debug|Any CPU.ActiveCfg = Debug|Any CPU
		{DA136A7E-7FB5-46EA-A076-A1DCBAF92C99}.Debug|Any CPU.Build.0 = Debug|Any CPU
		{DA136A7E-7FB5-46EA-A076-A1DCBAF92C99}.Release|Any CPU.ActiveCfg = Release|Any CPU
		{DA136A7E-7FB5-46EA-A076-A1DCBAF92C99}.Release|Any CPU.Build.0 = Release|Any CPU
	EndGlobalSection
	GlobalSection(SolutionProperties) = preSolution
		HideSolutionNode = FALSE
	EndGlobalSection
	GlobalSection(ExtensibilityGlobals) = postSolution
		SolutionGuid = {039AD61A-C067-4E84-96D3-BCED6567D92F}
	EndGlobalSection
EndGlobal
